Microsoft Visual Studio Solution File, Format Version 9.00
# Visual Studio 2005
Project("{8BC9CEB8-8B4A-11D0-8D11-00A0C91BC942}") = "StarBright", "StarBright.vcproj", "{5DAE91F5-C502-4370-863E-F5FDB5F7DB2D}"
	ProjectSection(WebsiteProperties) = preProject
		Debug.AspNetCompiler.Debug = "True"
		Release.AspNetCompiler.Debug = "False"
	EndProjectSection
EndProject
Global
	GlobalSection(SolutionConfigurationPlatforms) = preSolution
		Carrara6Debug|Win32 = Carrara6Debug|Win32
		Carrara6Debug|x64 = Carrara6Debug|x64
		Carrara6Release|Win32 = Carrara6Release|Win32
		Carrara6Release|x64 = Carrara6Release|x64
		Carrara7Debug|Win32 = Carrara7Debug|Win32
		Carrara7Debug|x64 = Carrara7Debug|x64
		Carrara7Release|Win32 = Carrara7Release|Win32
		Carrara7Release|x64 = Carrara7Release|x64
		Carrara8Debug|Win32 = Carrara8Debug|Win32
		Carrara8Debug|x64 = Carrara8Debug|x64
		Carrara8Release|Win32 = Carrara8Release|Win32
		Carrara8Release|x64 = Carrara8Release|x64
	EndGlobalSection
	GlobalSection(ProjectConfigurationPlatforms) = postSolution
		{5DAE91F5-C502-4370-863E-F5FDB5F7DB2D}.Carrara6Debug|Win32.ActiveCfg = Carrara6Debug|Win32
		{5DAE91F5-C502-4370-863E-F5FDB5F7DB2D}.Carrara6Debug|Win32.Build.0 = Carrara6Debug|Win32
		{5DAE91F5-C502-4370-863E-F5FDB5F7DB2D}.Carrara6Debug|x64.ActiveCfg = Carrara6Debug|x64
		{5DAE91F5-C502-4370-863E-F5FDB5F7DB2D}.Carrara6Debug|x64.Build.0 = Carrara6Debug|x64
		{5DAE91F5-C502-4370-863E-F5FDB5F7DB2D}.Carrara6Release|Win32.ActiveCfg = Carrara6Release|Win32
		{5DAE91F5-C502-4370-863E-F5FDB5F7DB2D}.Carrara6Release|Win32.Build.0 = Carrara6Release|Win32
		{5DAE91F5-C502-4370-863E-F5FDB5F7DB2D}.Carrara6Release|x64.ActiveCfg = Carrara6Release|x64
		{5DAE91F5-C502-4370-863E-F5FDB5F7DB2D}.Carrara6Release|x64.Build.0 = Carrara6Release|x64
		{5DAE91F5-C502-4370-863E-F5FDB5F7DB2D}.Carrara7Debug|Win32.ActiveCfg = Carrara7Debug|Win32
		{5DAE91F5-C502-4370-863E-F5FDB5F7DB2D}.Carrara7Debug|Win32.Build.0 = Carrara7Debug|Win32
		{5DAE91F5-C502-4370-863E-F5FDB5F7DB2D}.Carrara7Debug|x64.ActiveCfg = Carrara7Debug|x64
		{5DAE91F5-C502-4370-863E-F5FDB5F7DB2D}.Carrara7Debug|x64.Build.0 = Carrara7Debug|x64
		{5DAE91F5-C502-4370-863E-F5FDB5F7DB2D}.Carrara7Release|Win32.ActiveCfg = Carrara7Release|Win32
		{5DAE91F5-C502-4370-863E-F5FDB5F7DB2D}.Carrara7Release|Win32.Build.0 = Carrara7Release|Win32
		{5DAE91F5-C502-4370-863E-F5FDB5F7DB2D}.Carrara7Release|x64.ActiveCfg = Carrara7Release|x64
		{5DAE91F5-C502-4370-863E-F5FDB5F7DB2D}.Carrara7Release|x64.Build.0 = Carrara7Release|x64
		{5DAE91F5-C502-4370-863E-F5FDB5F7DB2D}.Carrara8Debug|Win32.ActiveCfg = Carrara8Debug|Win32
		{5DAE91F5-C502-4370-863E-F5FDB5F7DB2D}.Carrara8Debug|Win32.Build.0 = Carrara8Debug|Win32
		{5DAE91F5-C502-4370-863E-F5FDB5F7DB2D}.Carrara8Debug|x64.ActiveCfg = Carrara8Debug|x64
		{5DAE91F5-C502-4370-863E-F5FDB5F7DB2D}.Carrara8Debug|x64.Build.0 = Carrara8Debug|x64
		{5DAE91F5-C502-4370-863E-F5FDB5F7DB2D}.Carrara8Release|Win32.ActiveCfg = Carrara8Release|Win32
		{5DAE91F5-C502-4370-863E-F5FDB5F7DB2D}.Carrara8Release|Win32.Build.0 = Carrara8Release|Win32
		{5DAE91F5-C502-4370-863E-F5FDB5F7DB2D}.Carrara8Release|x64.ActiveCfg = Carrara8Release|x64
		{5DAE91F5-C502-4370-863E-F5FDB5F7DB2D}.Carrara8Release|x64.Build.0 = Carrara8Release|x64
	EndGlobalSection
	GlobalSection(SolutionProperties) = preSolution
		HideSolutionNode = FALSE
	EndGlobalSection
EndGlobal
